# This file was autogenerated by Stack.
# You should not edit this file by hand.
# For more information, please see the documentation at:
#   https://docs.haskellstack.org/en/stable/lock_files

packages:
- completed:
    hackage: pretty-simple-3.3.0.0@sha256:c74f9c3c7234daddddfe2f0567adaced9c40e7c72c24abc3224fc2dcb5a350a2,4137
    pantry-tree:
      size: 1406
      sha256: 62cf97761c85ae877d91bfe06dd62be1de846be7b821a28f11e0922b3d4eff38
  original:
    hackage: pretty-simple-3.3.0.0
snapshots:
- completed:
    size: 534126
    url: https://raw.githubusercontent.com/commercialhaskell/stackage-snapshots/master/lts/16/31.yaml
    sha256: 637fb77049b25560622a224845b7acfe81a09fdb6a96a3c75997a10b651667f6
  original: lts-16.31
